PODS:
  - Locksmith (2.0.8)
  - Realm (1.0.0):
    - Realm/Headers (= 1.0.0)
  - Realm/Headers (1.0.0)
  - RealmSwift (1.0.0):
    - Realm (= 1.0.0)
  - SwiftyJSON (2.3.2)

DEPENDENCIES:
  - Locksmith (from `https://github.com/matthewpalmer/Locksmith.git`, branch `swift-3.0`)
  - RealmSwift (from `https://github.com/realm/realm-cocoa.git`, branch `jp-az-swift3-work`)
  - SwiftyJSON (from `https://github.com/SwiftyJSON/SwiftyJSON.git`, branch `swift3`)

EXTERNAL SOURCES:
  Locksmith:
    :branch: swift-3.0
    :git: https://github.com/matthewpalmer/Locksmith.git
  RealmSwift:
    :branch: jp-az-swift3-work
    :git: https://github.com/realm/realm-cocoa.git
  SwiftyJSON:
    :branch: swift3
    :git: https://github.com/SwiftyJSON/SwiftyJSON.git

CHECKOUT OPTIONS:
  Locksmith:
    :commit: 67ded45500db592279ccedfa6787a2be55b72b5c
    :git: https://github.com/matthewpalmer/Locksmith.git
  RealmSwift:
    :commit: 34eedb2e7e0a1c0693773daf8129f8132aaee556
    :git: https://github.com/realm/realm-cocoa.git
  SwiftyJSON:
    :commit: 1a9755949a652967dc2986cd7f4653496e556715
    :git: https://github.com/SwiftyJSON/SwiftyJSON.git

SPEC CHECKSUMS:
  Locksmith: a8ed41ac4c06506ea8cb199d8ec8a8d3d108eb2a
  Realm: e15cd8e7c11d3e576f628ba0b7cb855269b4991c
  RealmSwift: 3229306d020d96f83b335f87a0dcbf2cef0e6a2b
  SwiftyJSON: 04ccea08915aa0109039157c7974cf0298da292a

PODFILE CHECKSUM: 5ffe27be21640c5900e14f30a4e91b7d5ce5566d

COCOAPODS: 1.0.1
