PODS:
  - Crashlytics (3.10.1):
    - Fabric (~> 1.7.5)
  - Eureka (4.1.1)
  - Fabric (1.7.6)
  - Locksmith (4.0.0)
  - Realm (3.3.2):
    - Realm/Headers (= 3.3.2)
  - Realm/Headers (3.3.2)
  - RealmSwift (3.3.2):
    - Realm (= 3.3.2)
  - SwiftSoup (1.7.1)
  - SwiftyJSON (4.0.0)

DEPENDENCIES:
  - Crashlytics
  - Eureka
  - Fabric
  - Locksmith
  - Realm
  - RealmSwift
  - SwiftSoup
  - SwiftyJSON

SPEC CHECKSUMS:
  Crashlytics: aee1a064cbbf99b32efa3f056a5f458d846bc8ff
  Eureka: b88fb930e42c79f8c03c373d0fcdc28c1d6c50ed
  Fabric: f8d42c893bb187326a7968b62abe55c36a987a46
  Locksmith: e9bebbaaa4cee3c511bc358a44f843c3fe00e21f
  Realm: d927fbf66df5532cfafc08afb5f7e53ded37b894
  RealmSwift: 4e903a494e05d866581d69ad6f7e7b879d446baf
  SwiftSoup: 277f7ef548826e0ca7603a06b30d4a5df3ee0587
  SwiftyJSON: 070dabdcb1beb81b247c65ffa3a79dbbfb3b48aa

PODFILE CHECKSUM: c44513c5268790093f3683718769b9c428d7bd08

COCOAPODS: 1.4.0
