PODS:
  - Crashlytics (3.8.6):
    - Fabric (~> 1.6.3)
  - Eureka (4.0.0)
  - Fabric (1.6.13)
  - Locksmith (4.0.0)
  - Realm (2.10.2):
    - Realm/Headers (= 2.10.2)
  - Realm/Headers (2.10.2)
  - RealmSwift (2.10.2):
    - Realm (= 2.10.2)
  - SwiftyJSON (3.1.4)

DEPENDENCIES:
  - Crashlytics
  - Eureka
  - Fabric
  - Locksmith
  - Realm
  - RealmSwift
  - SwiftyJSON

SPEC CHECKSUMS:
  Crashlytics: 95d05f4e4c19a771250c4bd9ce344d996de32bbf
  Eureka: c0b55d2aec82050c1400c7d65960b700be8d10ef
  Fabric: 2fb5676bc811af011a04513451f463dac6803206
  Locksmith: e9bebbaaa4cee3c511bc358a44f843c3fe00e21f
  Realm: 0ef72b837fb67e9f4b098bac771ddd72c7fdbb69
  RealmSwift: 07a9ae0505091eda6b2ee7c190c3786d6e90a7b0
  SwiftyJSON: c2842d878f95482ffceec5709abc3d05680c0220

PODFILE CHECKSUM: 6f1811f00d9645b7e5c9b1d9f3757c7557db1697

COCOAPODS: 1.4.0.beta.1
